// !$*UTF8*$!
{
	archiveVersion = 1;
	classes = {
	};
	objectVersion = 50;
	objects = {

/* Begin PBXBuildFile section */
		18A31A15253D75CE001ED43A /* AppDelegate.swift in Sources */ = {isa = PBXBuildFile; fileRef = 18A31A14253D75CE001ED43A /* AppDelegate.swift */; };
		18A31A17253D75CE001ED43A /* SceneDelegate.swift in Sources */ = {isa = PBXBuildFile; fileRef = 18A31A16253D75CE001ED43A /* SceneDelegate.swift */; };
		18A31A19253D75CE001ED43A /* ViewController.swift in Sources */ = {isa = PBXBuildFile; fileRef = 18A31A18253D75CE001ED43A /* ViewController.swift */; };
		18A31A1C253D75CE001ED43A /* Main.storyboard in Resources */ = {isa = PBXBuildFile; fileRef = 18A31A1A253D75CE001ED43A /* Main.storyboard */; };
		18A31A1E253D75F4001ED43A /* Assets.xcassets in Resources */ = {isa = PBXBuildFile; fileRef = 18A31A1D253D75F4001ED43A /* Assets.xcassets */; };
		18A31A21253D75F4001ED43A /* LaunchScreen.storyboard in Resources */ = {isa = PBXBuildFile; fileRef = 18A31A1F253D75F4001ED43A /* LaunchScreen.storyboard */; };
		18A31A2A253D810D001ED43A /* сценарий.txt in Resources */ = {isa = PBXBuildFile; fileRef = 18A31A29253D810D001ED43A /* сценарий.txt */; };
		18A31A33253D8A26001ED43A /* icons8-wrench.png in Resources */ = {isa = PBXBuildFile; fileRef = 18A31A32253D8A25001ED43A /* icons8-wrench.png */; };
		18A31A36253D8A85001ED43A /* icons8-collage.png in Resources */ = {isa = PBXBuildFile; fileRef = 18A31A35253D8A85001ED43A /* icons8-collage.png */; };
		18A31A39253D8C09001ED43A /* ProjectCell.swift in Sources */ = {isa = PBXBuildFile; fileRef = 18A31A38253D8C09001ED43A /* ProjectCell.swift */; };
		18A31A3C253D8C2B001ED43A /* TemplateCell.swift in Sources */ = {isa = PBXBuildFile; fileRef = 18A31A3B253D8C2B001ED43A /* TemplateCell.swift */; };
		18A31A3F253D8C52001ED43A /* StatusCell.swift in Sources */ = {isa = PBXBuildFile; fileRef = 18A31A3E253D8C52001ED43A /* StatusCell.swift */; };
		18A31A42253DBE90001ED43A /* icons8-add_text.png in Resources */ = {isa = PBXBuildFile; fileRef = 18A31A41253DBE90001ED43A /* icons8-add_text.png */; };
		18A31A45253DBEDB001ED43A /* icons8-movie.png in Resources */ = {isa = PBXBuildFile; fileRef = 18A31A44253DBEDB001ED43A /* icons8-movie.png */; };
		18A31A48253DBF1D001ED43A /* icons8-music.png in Resources */ = {isa = PBXBuildFile; fileRef = 18A31A47253DBF1D001ED43A /* icons8-music.png */; };
		18A31A4B253DBF75001ED43A /* icons8-visual_effects.png in Resources */ = {isa = PBXBuildFile; fileRef = 18A31A4A253DBF75001ED43A /* icons8-visual_effects.png */; };
		18A31A4E253DF3C8001ED43A /* TemplateController.swift in Sources */ = {isa = PBXBuildFile; fileRef = 18A31A4D253DF3C8001ED43A /* TemplateController.swift */; };
		18A31A53253E14F8001ED43A /* PhotoCell.swift in Sources */ = {isa = PBXBuildFile; fileRef = 18A31A50253E14F8001ED43A /* PhotoCell.swift */; };
		18A31A54253E14F8001ED43A /* AlbumListController.swift in Sources */ = {isa = PBXBuildFile; fileRef = 18A31A51253E14F8001ED43A /* AlbumListController.swift */; };
		18A31A55253E14F8001ED43A /* PhotoListController.swift in Sources */ = {isa = PBXBuildFile; fileRef = 18A31A52253E14F8001ED43A /* PhotoListController.swift */; };
		18A31A59253E27E2001ED43A /* AnimateController.swift in Sources */ = {isa = PBXBuildFile; fileRef = 18A31A58253E27E2001ED43A /* AnimateController.swift */; };
/* End PBXBuildFile section */

/* Begin PBXFileReference section */
		18A31A11253D75CE001ED43A /* tiTemplate.app */ = {isa = PBXFileReference; explicitFileType = wrapper.application; includeInIndex = 0; path = tiTemplate.app; sourceTree = BUILT_PRODUCTS_DIR; };
		18A31A14253D75CE001ED43A /* AppDelegate.swift */ = {isa = PBXFileReference; lastKnownFileType = sourcecode.swift; path = AppDelegate.swift; sourceTree = "<group>"; };
		18A31A16253D75CE001ED43A /* SceneDelegate.swift */ = {isa = PBXFileReference; lastKnownFileType = sourcecode.swift; path = SceneDelegate.swift; sourceTree = "<group>"; };
		18A31A18253D75CE001ED43A /* ViewController.swift */ = {isa = PBXFileReference; lastKnownFileType = sourcecode.swift; path = ViewController.swift; sourceTree = "<group>"; };
		18A31A1B253D75CE001ED43A /* Base */ = {isa = PBXFileReference; lastKnownFileType = file.storyboard; name = Base; path = Base.lproj/Main.storyboard; sourceTree = "<group>"; };
		18A31A1D253D75F4001ED43A /* Assets.xcassets */ = {isa = PBXFileReference; lastKnownFileType = folder.assetcatalog; path = Assets.xcassets; sourceTree = "<group>"; };
		18A31A20253D75F4001ED43A /* Base */ = {isa = PBXFileReference; lastKnownFileType = file.storyboard; name = Base; path = Base.lproj/LaunchScreen.storyboard; sourceTree = "<group>"; };
		18A31A22253D75F4001ED43A /* Info.plist */ = {isa = PBXFileReference; lastKnownFileType = text.plist.xml; path = Info.plist; sourceTree = "<group>"; };
		18A31A29253D810D001ED43A /* сценарий.txt */ = {isa = PBXFileReference; lastKnownFileType = text; path = "сценарий.txt"; sourceTree = "<group>"; };
		18A31A32253D8A25001ED43A /* icons8-wrench.png */ = {isa = PBXFileReference; lastKnownFileType = image.png; path = "icons8-wrench.png"; sourceTree = "<group>"; };
		18A31A35253D8A85001ED43A /* icons8-collage.png */ = {isa = PBXFileReference; lastKnownFileType = image.png; path = "icons8-collage.png"; sourceTree = "<group>"; };
		18A31A38253D8C09001ED43A /* ProjectCell.swift */ = {isa = PBXFileReference; lastKnownFileType = sourcecode.swift; path = ProjectCell.swift; sourceTree = "<group>"; };
		18A31A3B253D8C2B001ED43A /* TemplateCell.swift */ = {isa = PBXFileReference; lastKnownFileType = sourcecode.swift; path = TemplateCell.swift; sourceTree = "<group>"; };
		18A31A3E253D8C52001ED43A /* StatusCell.swift */ = {isa = PBXFileReference; lastKnownFileType = sourcecode.swift; path = StatusCell.swift; sourceTree = "<group>"; };
		18A31A41253DBE90001ED43A /* icons8-add_text.png */ = {isa = PBXFileReference; lastKnownFileType = image.png; path = "icons8-add_text.png"; sourceTree = "<group>"; };
		18A31A44253DBEDB001ED43A /* icons8-movie.png */ = {isa = PBXFileReference; lastKnownFileType = image.png; path = "icons8-movie.png"; sourceTree = "<group>"; };
		18A31A47253DBF1D001ED43A /* icons8-music.png */ = {isa = PBXFileReference; lastKnownFileType = image.png; path = "icons8-music.png"; sourceTree = "<group>"; };
		18A31A4A253DBF75001ED43A /* icons8-visual_effects.png */ = {isa = PBXFileReference; lastKnownFileType = image.png; path = "icons8-visual_effects.png"; sourceTree = "<group>"; };
		18A31A4D253DF3C8001ED43A /* TemplateController.swift */ = {isa = PBXFileReference; lastKnownFileType = sourcecode.swift; path = TemplateController.swift; sourceTree = "<group>"; };
		18A31A50253E14F8001ED43A /* PhotoCell.swift */ = {isa = PBXFileReference; fileEncoding = 4; lastKnownFileType = sourcecode.swift; path = PhotoCell.swift; sourceTree = "<group>"; };
		18A31A51253E14F8001ED43A /* AlbumListController.swift */ = {isa = PBXFileReference; fileEncoding = 4; lastKnownFileType = sourcecode.swift; path = AlbumListController.swift; sourceTree = "<group>"; };
		18A31A52253E14F8001ED43A /* PhotoListController.swift */ = {isa = PBXFileReference; fileEncoding = 4; lastKnownFileType = sourcecode.swift; path = PhotoListController.swift; sourceTree = "<group>"; };
		18A31A58253E27E2001ED43A /* AnimateController.swift */ = {isa = PBXFileReference; lastKnownFileType = sourcecode.swift; path = AnimateController.swift; sourceTree = "<group>"; };
/* End PBXFileReference section */

/* Begin PBXFrameworksBuildPhase section */
		18A31A0E253D75CE001ED43A /* Frameworks */ = {
			isa = PBXFrameworksBuildPhase;
			buildActionMask = 2147483647;
			files = (
			);
			runOnlyForDeploymentPostprocessing = 0;
		};
/* End PBXFrameworksBuildPhase section */

/* Begin PBXGroup section */
		18A31A08253D75CE001ED43A = {
			isa = PBXGroup;
			children = (
				18A31A13253D75CE001ED43A /* tiTemplate */,
				18A31A12253D75CE001ED43A /* Products */,
				18A31A29253D810D001ED43A /* сценарий.txt */,
				18A31A32253D8A25001ED43A /* icons8-wrench.png */,
				18A31A35253D8A85001ED43A /* icons8-collage.png */,
				18A31A41253DBE90001ED43A /* icons8-add_text.png */,
				18A31A44253DBEDB001ED43A /* icons8-movie.png */,
				18A31A47253DBF1D001ED43A /* icons8-music.png */,
				18A31A4A253DBF75001ED43A /* icons8-visual_effects.png */,
			);
			sourceTree = "<group>";
		};
		18A31A12253D75CE001ED43A /* Products */ = {
			isa = PBXGroup;
			children = (
				18A31A11253D75CE001ED43A /* tiTemplate.app */,
			);
			name = Products;
			sourceTree = "<group>";
		};
		18A31A13253D75CE001ED43A /* tiTemplate */ = {
			isa = PBXGroup;
			children = (
				18A31A14253D75CE001ED43A /* AppDelegate.swift */,
				18A31A16253D75CE001ED43A /* SceneDelegate.swift */,
				18A31A18253D75CE001ED43A /* ViewController.swift */,
				18A31A4D253DF3C8001ED43A /* TemplateController.swift */,
				18A31A58253E27E2001ED43A /* AnimateController.swift */,
				18A31A52253E14F8001ED43A /* PhotoListController.swift */,
				18A31A51253E14F8001ED43A /* AlbumListController.swift */,
				18A31A38253D8C09001ED43A /* ProjectCell.swift */,
				18A31A3B253D8C2B001ED43A /* TemplateCell.swift */,
				18A31A3E253D8C52001ED43A /* StatusCell.swift */,
				18A31A50253E14F8001ED43A /* PhotoCell.swift */,
				18A31A1A253D75CE001ED43A /* Main.storyboard */,
				18A31A1D253D75F4001ED43A /* Assets.xcassets */,
				18A31A1F253D75F4001ED43A /* LaunchScreen.storyboard */,
				18A31A22253D75F4001ED43A /* Info.plist */,
			);
			path = tiTemplate;
			sourceTree = "<group>";
		};
/* End PBXGroup section */

/* Begin PBXNativeTarget section */
		18A31A10253D75CE001ED43A /* tiTemplate */ = {
			isa = PBXNativeTarget;
			buildConfigurationList = 18A31A25253D75F4001ED43A /* Build configuration list for PBXNativeTarget "tiTemplate" */;
			buildPhases = (
				18A31A0D253D75CE001ED43A /* Sources */,
				18A31A0E253D75CE001ED43A /* Frameworks */,
				18A31A0F253D75CE001ED43A /* Resources */,
			);
			buildRules = (
			);
			dependencies = (
			);
			name = tiTemplate;
			productName = tiTemplate;
			productReference = 18A31A11253D75CE001ED43A /* tiTemplate.app */;
			productType = "com.apple.product-type.application";
		};
/* End PBXNativeTarget section */

/* Begin PBXProject section */
		18A31A09253D75CE001ED43A /* Project object */ = {
			isa = PBXProject;
			attributes = {
				LastSwiftUpdateCheck = 1200;
				LastUpgradeCheck = 1200;
				TargetAttributes = {
					18A31A10253D75CE001ED43A = {
						CreatedOnToolsVersion = 12.0.1;
					};
				};
			};
			buildConfigurationList = 18A31A0C253D75CE001ED43A /* Build configuration list for PBXProject "tiTemplate" */;
			compatibilityVersion = "Xcode 9.3";
			developmentRegion = en;
			hasScannedForEncodings = 0;
			knownRegions = (
				en,
				Base,
			);
			mainGroup = 18A31A08253D75CE001ED43A;
			productRefGroup = 18A31A12253D75CE001ED43A /* Products */;
			projectDirPath = "";
			projectRoot = "";
			targets = (
				18A31A10253D75CE001ED43A /* tiTemplate */,
			);
		};
/* End PBXProject section */

/* Begin PBXResourcesBuildPhase section */
		18A31A0F253D75CE001ED43A /* Resources */ = {
			isa = PBXResourcesBuildPhase;
			buildActionMask = 2147483647;
			files = (
				18A31A21253D75F4001ED43A /* LaunchScreen.storyboard in Resources */,
				18A31A36253D8A85001ED43A /* icons8-collage.png in Resources */,
				18A31A1E253D75F4001ED43A /* Assets.xcassets in Resources */,
				18A31A48253DBF1D001ED43A /* icons8-music.png in Resources */,
				18A31A2A253D810D001ED43A /* сценарий.txt in Resources */,
				18A31A45253DBEDB001ED43A /* icons8-movie.png in Resources */,
				18A31A42253DBE90001ED43A /* icons8-add_text.png in Resources */,
				18A31A1C253D75CE001ED43A /* Main.storyboard in Resources */,
				18A31A4B253DBF75001ED43A /* icons8-visual_effects.png in Resources */,
				18A31A33253D8A26001ED43A /* icons8-wrench.png in Resources */,
			);
			runOnlyForDeploymentPostprocessing = 0;
		};
/* End PBXResourcesBuildPhase section */

/* Begin PBXSourcesBuildPhase section */
		18A31A0D253D75CE001ED43A /* Sources */ = {
			isa = PBXSourcesBuildPhase;
			buildActionMask = 2147483647;
			files = (
				18A31A19253D75CE001ED43A /* ViewController.swift in Sources */,
				18A31A15253D75CE001ED43A /* AppDelegate.swift in Sources */,
				18A31A59253E27E2001ED43A /* AnimateController.swift in Sources */,
				18A31A3C253D8C2B001ED43A /* TemplateCell.swift in Sources */,
				18A31A4E253DF3C8001ED43A /* TemplateController.swift in Sources */,
				18A31A53253E14F8001ED43A /* PhotoCell.swift in Sources */,
				18A31A54253E14F8001ED43A /* AlbumListController.swift in Sources */,
				18A31A17253D75CE001ED43A /* SceneDelegate.swift in Sources */,
				18A31A39253D8C09001ED43A /* ProjectCell.swift in Sources */,
				18A31A55253E14F8001ED43A /* PhotoListController.swift in Sources */,
				18A31A3F253D8C52001ED43A /* StatusCell.swift in Sources */,
			);
			runOnlyForDeploymentPostprocessing = 0;
		};
/* End PBXSourcesBuildPhase section */

/* Begin PBXVariantGroup section */
		18A31A1A253D75CE001ED43A /* Main.storyboard */ = {
			isa = PBXVariantGroup;
			children = (
				18A31A1B253D75CE001ED43A /* Base */,
			);
			name = Main.storyboard;
			sourceTree = "<group>";
		};
		18A31A1F253D75F4001ED43A /* LaunchScreen.storyboard */ = {
			isa = PBXVariantGroup;
			children = (
				18A31A20253D75F4001ED43A /* Base */,
			);
			name = LaunchScreen.storyboard;
			sourceTree = "<group>";
		};
/* End PBXVariantGroup section */

/* Begin XCBuildConfiguration section */
		18A31A23253D75F4001ED43A /* Debug */ = {
			isa = XCBuildConfiguration;
			buildSettings = {
				ALWAYS_SEARCH_USER_PATHS = NO;
				CLANG_ANALYZER_NONNULL = YES;
				CLANG_ANALYZER_NUMBER_OBJECT_CONVERSION = YES_AGGRESSIVE;
				CLANG_CXX_LANGUAGE_STANDARD = "gnu++14";
				CLANG_CXX_LIBRARY = "libc++";
				CLANG_ENABLE_MODULES = YES;
				CLANG_ENABLE_OBJC_ARC = YES;
				CLANG_ENABLE_OBJC_WEAK = YES;
				CLANG_WARN_BLOCK_CAPTURE_AUTORELEASING = YES;
				CLANG_WARN_BOOL_CONVERSION = YES;
				CLANG_WARN_COMMA = YES;
				CLANG_WARN_CONSTANT_CONVERSION = YES;
				CLANG_WARN_DEPRECATED_OBJC_IMPLEMENTATIONS = YES;
				CLANG_WARN_DIRECT_OBJC_ISA_USAGE = YES_ERROR;
				CLANG_WARN_DOCUMENTATION_COMMENTS = YES;
				CLANG_WARN_EMPTY_BODY = YES;
				CLANG_WARN_ENUM_CONVERSION = YES;
				CLANG_WARN_INFINITE_RECURSION = YES;
				CLANG_WARN_INT_CONVERSION = YES;
				CLANG_WARN_NON_LITERAL_NULL_CONVERSION = YES;
				CLANG_WARN_OBJC_IMPLICIT_RETAIN_SELF = YES;
				CLANG_WARN_OBJC_LITERAL_CONVERSION = YES;
				CLANG_WARN_OBJC_ROOT_CLASS = YES_ERROR;
				CLANG_WARN_QUOTED_INCLUDE_IN_FRAMEWORK_HEADER = YES;
				CLANG_WARN_RANGE_LOOP_ANALYSIS = YES;
				CLANG_WARN_STRICT_PROTOTYPES = YES;
				CLANG_WARN_SUSPICIOUS_MOVE = YES;
				CLANG_WARN_UNGUARDED_AVAILABILITY = YES_AGGRESSIVE;
				CLANG_WARN_UNREACHABLE_CODE = YES;
				CLANG_WARN__DUPLICATE_METHOD_MATCH = YES;
				COPY_PHASE_STRIP = NO;
				DEBUG_INFORMATION_FORMAT = dwarf;
				ENABLE_STRICT_OBJC_MSGSEND = YES;
				ENABLE_TESTABILITY = YES;
				GCC_C_LANGUAGE_STANDARD = gnu11;
				GCC_DYNAMIC_NO_PIC = NO;
				GCC_NO_COMMON_BLOCKS = YES;
				GCC_OPTIMIZATION_LEVEL = 0;
				GCC_PREPROCESSOR_DEFINITIONS = (
					"DEBUG=1",
					"$(inherited)",
				);
				GCC_WARN_64_TO_32_BIT_CONVERSION = YES;
				GCC_WARN_ABOUT_RETURN_TYPE = YES_ERROR;
				GCC_WARN_UNDECLARED_SELECTOR = YES;
				GCC_WARN_UNINITIALIZED_AUTOS = YES_AGGRESSIVE;
				GCC_WARN_UNUSED_FUNCTION = YES;
				GCC_WARN_UNUSED_VARIABLE = YES;
				IPHONEOS_DEPLOYMENT_TARGET = 12.0;
				MTL_ENABLE_DEBUG_INFO = INCLUDE_SOURCE;
				MTL_FAST_MATH = YES;
				ONLY_ACTIVE_ARCH = YES;
				SDKROOT = iphoneos;
				SWIFT_ACTIVE_COMPILATION_CONDITIONS = DEBUG;
				SWIFT_OPTIMIZATION_LEVEL = "-Onone";
			};
			name = Debug;
		};
		18A31A24253D75F4001ED43A /* Release */ = {
			isa = XCBuildConfiguration;
			buildSettings = {
				ALWAYS_SEARCH_USER_PATHS = NO;
				CLANG_ANALYZER_NONNULL = YES;
				CLANG_ANALYZER_NUMBER_OBJECT_CONVERSION = YES_AGGRESSIVE;
				CLANG_CXX_LANGUAGE_STANDARD = "gnu++14";
				CLANG_CXX_LIBRARY = "libc++";
				CLANG_ENABLE_MODULES = YES;
				CLANG_ENABLE_OBJC_ARC = YES;
				CLANG_ENABLE_OBJC_WEAK = YES;
				CLANG_WARN_BLOCK_CAPTURE_AUTORELEASING = YES;
				CLANG_WARN_BOOL_CONVERSION = YES;
				CLANG_WARN_COMMA = YES;
				CLANG_WARN_CONSTANT_CONVERSION = YES;
				CLANG_WARN_DEPRECATED_OBJC_IMPLEMENTATIONS = YES;
				CLANG_WARN_DIRECT_OBJC_ISA_USAGE = YES_ERROR;
				CLANG_WARN_DOCUMENTATION_COMMENTS = YES;
				CLANG_WARN_EMPTY_BODY = YES;
				CLANG_WARN_ENUM_CONVERSION = YES;
				CLANG_WARN_INFINITE_RECURSION = YES;
				CLANG_WARN_INT_CONVERSION = YES;
				CLANG_WARN_NON_LITERAL_NULL_CONVERSION = YES;
				CLANG_WARN_OBJC_IMPLICIT_RETAIN_SELF = YES;
				CLANG_WARN_OBJC_LITERAL_CONVERSION = YES;
				CLANG_WARN_OBJC_ROOT_CLASS = YES_ERROR;
				CLANG_WARN_QUOTED_INCLUDE_IN_FRAMEWORK_HEADER = YES;
				CLANG_WARN_RANGE_LOOP_ANALYSIS = YES;
				CLANG_WARN_STRICT_PROTOTYPES = YES;
				CLANG_WARN_SUSPICIOUS_MOVE = YES;
				CLANG_WARN_UNGUARDED_AVAILABILITY = YES_AGGRESSIVE;
				CLANG_WARN_UNREACHABLE_CODE = YES;
				CLANG_WARN__DUPLICATE_METHOD_MATCH = YES;
				COPY_PHASE_STRIP = NO;
				DEBUG_INFORMATION_FORMAT = "dwarf-with-dsym";
				ENABLE_NS_ASSERTIONS = NO;
				ENABLE_STRICT_OBJC_MSGSEND = YES;
				GCC_C_LANGUAGE_STANDARD = gnu11;
				GCC_NO_COMMON_BLOCKS = YES;
				GCC_WARN_64_TO_32_BIT_CONVERSION = YES;
				GCC_WARN_ABOUT_RETURN_TYPE = YES_ERROR;
				GCC_WARN_UNDECLARED_SELECTOR = YES;
				GCC_WARN_UNINITIALIZED_AUTOS = YES_AGGRESSIVE;
				GCC_WARN_UNUSED_FUNCTION = YES;
				GCC_WARN_UNUSED_VARIABLE = YES;
				IPHONEOS_DEPLOYMENT_TARGET = 12.0;
				MTL_ENABLE_DEBUG_INFO = NO;
				MTL_FAST_MATH = YES;
				SDKROOT = iphoneos;
				SWIFT_COMPILATION_MODE = wholemodule;
				SWIFT_OPTIMIZATION_LEVEL = "-O";
				VALIDATE_PRODUCT = YES;
			};
			name = Release;
		};
		18A31A26253D75F4001ED43A /* Debug */ = {
			isa = XCBuildConfiguration;
			buildSettings = {
				ASSETCATALOG_COMPILER_APPICON_NAME = AppIcon;
				ASSETCATALOG_COMPILER_GLOBAL_ACCENT_COLOR_NAME = AccentColor;
				CODE_SIGN_STYLE = Automatic;
				DEVELOPMENT_TEAM = 45CD6N6NQ7;
				INFOPLIST_FILE = tiTemplate/Info.plist;
				IPHONEOS_DEPLOYMENT_TARGET = 12.0;
				LD_RUNPATH_SEARCH_PATHS = (
					"$(inherited)",
					"@executable_path/Frameworks",
				);
				PRODUCT_BUNDLE_IDENTIFIER = ru.pitermail.tiTemplate;
				PRODUCT_NAME = "$(TARGET_NAME)";
				SWIFT_VERSION = 5.0;
				TARGETED_DEVICE_FAMILY = "1,2";
			};
			name = Debug;
		};
		18A31A27253D75F4001ED43A /* Release */ = {
			isa = XCBuildConfiguration;
			buildSettings = {
				ASSETCATALOG_COMPILER_APPICON_NAME = AppIcon;
				ASSETCATALOG_COMPILER_GLOBAL_ACCENT_COLOR_NAME = AccentColor;
				CODE_SIGN_STYLE = Automatic;
				DEVELOPMENT_TEAM = 45CD6N6NQ7;
				INFOPLIST_FILE = tiTemplate/Info.plist;
				IPHONEOS_DEPLOYMENT_TARGET = 12.0;
				LD_RUNPATH_SEARCH_PATHS = (
					"$(inherited)",
					"@executable_path/Frameworks",
				);
				PRODUCT_BUNDLE_IDENTIFIER = ru.pitermail.tiTemplate;
				PRODUCT_NAME = "$(TARGET_NAME)";
				SWIFT_VERSION = 5.0;
				TARGETED_DEVICE_FAMILY = "1,2";
			};
			name = Release;
		};
/* End XCBuildConfiguration section */

/* Begin XCConfigurationList section */
		18A31A0C253D75CE001ED43A /* Build configuration list for PBXProject "tiTemplate" */ = {
			isa = XCConfigurationList;
			buildConfigurations = (
				18A31A23253D75F4001ED43A /* Debug */,
				18A31A24253D75F4001ED43A /* Release */,
			);
			defaultConfigurationIsVisible = 0;
			defaultConfigurationName = Release;
		};
		18A31A25253D75F4001ED43A /* Build configuration list for PBXNativeTarget "tiTemplate" */ = {
			isa = XCConfigurationList;
			buildConfigurations = (
				18A31A26253D75F4001ED43A /* Debug */,
				18A31A27253D75F4001ED43A /* Release */,
			);
			defaultConfigurationIsVisible = 0;
			defaultConfigurationName = Release;
		};
/* End XCConfigurationList section */
	};
	rootObject = 18A31A09253D75CE001ED43A /* Project object */;
}
